# This file is automatically @generated by Cargo.
# It is not intended for manual editing.
version = 3

[[package]]
name = "appelg"
version = "0.1.0"
dependencies = [
 "flagset",
 "reduce",
]

[[package]]
name = "flagset"
version = "0.4.4"
source = "registry+https://github.com/rust-lang/crates.io-index"
checksum = "d52a7e408202050813e6f1d9addadcaafef3dca7530c7ddfb005d4081cce6779"

[[package]]
name = "reduce"
version = "0.1.5+deprecated"
source = "registry+https://github.com/rust-lang/crates.io-index"
checksum = "feff7c275fbc4a96ccdc240a5a180487a61a31baffaff6cdd4fb2c8e9e0a2ecd"
